{
    "name": "node-red-project",
    "version": "0.0.1",
    "lockfileVersion": 1,
    "dependencies": {
        "agent-base": {
            "version": "2.1.1",
            "resolved": "https://registry.npmjs.org/agent-base/-/agent-base-2.1.1.tgz",
            "integrity": "sha1-1t4Q1a9hMtW9aSQn1G/FOFOQlMc="
        },
        "ajv": {
            "version": "5.2.3",
            "resolved": "https://registry.npmjs.org/ajv/-/ajv-5.2.3.tgz",
            "integrity": "sha1-wG9Zh3jETGsWGrr+NGa4GtGBTtI="
        },
        "asn1": {
            "version": "0.2.3",
            "resolved": "https://registry.npmjs.org/asn1/-/asn1-0.2.3.tgz",
            "integrity": "sha1-2sh4dxPJlmhJ/IGAd36+nB3fO4Y="
        },
        "assert-plus": {
            "version": "1.0.0",
            "resolved": "https://registry.npmjs.org/assert-plus/-/assert-plus-1.0.0.tgz",
            "integrity": "sha1-8S4PPF13sLHN2RRpQuTpbB5N1SU="
        },
        "asynckit": {
            "version": "0.4.0",
            "resolved": "https://registry.npmjs.org/asynckit/-/asynckit-0.4.0.tgz",
            "integrity": "sha1-x57Zf380y48robyXkLzDZkdLS3k="
        },
        "aws-sign2": {
            "version": "0.7.0",
            "resolved": "https://registry.npmjs.org/aws-sign2/-/aws-sign2-0.7.0.tgz",
            "integrity": "sha1-tG6JCTSpWR8tL2+G1+ap8bP+dqg="
        },
        "aws4": {
            "version": "1.6.0",
            "resolved": "https://registry.npmjs.org/aws4/-/aws4-1.6.0.tgz",
            "integrity": "sha1-g+9cqGCysy5KDe7e6MdxudtXRx4="
        },
        "bcrypt-pbkdf": {
            "version": "1.0.1",
            "resolved": "https://registry.npmjs.org/bcrypt-pbkdf/-/bcrypt-pbkdf-1.0.1.tgz",
            "integrity": "sha1-Y7xdy2EzG5K8Bf1SiVPDNGKgb40=",
            "optional": true
        },
        "bindings": {
            "version": "1.2.1",
            "resolved": "https://registry.npmjs.org/bindings/-/bindings-1.2.1.tgz",
            "integrity": "sha1-FK1hE4EtLTfXLme0ystLtyZQXxE=",
            "optional": true
        },
        "bl": {
            "version": "0.9.5",
            "resolved": "https://registry.npmjs.org/bl/-/bl-0.9.5.tgz",
            "integrity": "sha1-wGt5evCF6gC8Unr8jvzxHeIjIFQ="
        },
        "boom": {
            "version": "4.3.1",
            "resolved": "https://registry.npmjs.org/boom/-/boom-4.3.1.tgz",
            "integrity": "sha1-T4owBctKfjiJ90kDD9JbluAdLjE="
        },
        "bufferutil": {
            "version": "1.2.1",
            "resolved": "https://registry.npmjs.org/bufferutil/-/bufferutil-1.2.1.tgz",
            "integrity": "sha1-N75dNuHgZJIiHmjUdLGsWOUQy9c=",
            "optional": true
        },
        "caseless": {
            "version": "0.12.0",
            "resolved": "https://registry.npmjs.org/caseless/-/caseless-0.12.0.tgz",
            "integrity": "sha1-G2gcIf+EAzyCZUMJBolCDRhxUdw="
        },
        "co": {
            "version": "4.6.0",
            "resolved": "https://registry.npmjs.org/co/-/co-4.6.0.tgz",
            "integrity": "sha1-bqa989hTrlTMuOR7+gvz+QMfsYQ="
        },
        "coffee-script": {
            "version": "1.9.3",
            "resolved": "https://registry.npmjs.org/coffee-script/-/coffee-script-1.9.3.tgz",
            "integrity": "sha1-WW5ug/z8tnxZZKtw1ES+/wrASsc="
        },
        "combined-stream": {
            "version": "1.0.5",
            "resolved": "https://registry.npmjs.org/combined-stream/-/combined-stream-1.0.5.tgz",
            "integrity": "sha1-k4NwpXtKUd6ix3wV1cX9+JUWQAk="
        },
        "commist": {
            "version": "1.0.0",
            "resolved": "https://registry.npmjs.org/commist/-/commist-1.0.0.tgz",
            "integrity": "sha1-wMNSUBz29S6RJOPvicmAbiAi6+8="
        },
        "concat-stream": {
            "version": "1.6.0",
            "resolved": "https://registry.npmjs.org/concat-stream/-/concat-stream-1.6.0.tgz",
            "integrity": "sha1-CqxmL9Ur54lk1VMvaUeE5wEQrPc=",
            "dependencies": {
                "readable-stream": {
                    "version": "2.3.3",
                    "resolved": "https://registry.npmjs.org/readable-stream/-/readable-stream-2.3.3.tgz",
                    "integrity": "sha512-m+qzzcn7KUxEmd1gMbchF+Y2eIUbieUaxkWtptyHywrX0rE8QEYqPC07Vuy4Wm32/xE16NcdBctb8S0Xe/5IeQ=="
                }
            }
        },
        "core-util-is": {
            "version": "1.0.2",
            "resolved": "https://registry.npmjs.org/core-util-is/-/core-util-is-1.0.2.tgz",
            "integrity": "sha1-tf1UIgqivFq1eqtxQMlAdUUDwac="
        },
        "cryptiles": {
            "version": "3.1.2",
            "resolved": "https://registry.npmjs.org/cryptiles/-/cryptiles-3.1.2.tgz",
            "integrity": "sha1-qJ+7Ig9c4l7FboxKqKT9e1sNKf4=",
            "dependencies": {
                "boom": {
                    "version": "5.2.0",
                    "resolved": "https://registry.npmjs.org/boom/-/boom-5.2.0.tgz",
                    "integrity": "sha512-Z5BTk6ZRe4tXXQlkqftmsAUANpXmuwlsF5Oov8ThoMbQRzdGTA1ngYRW160GexgOgjsFOKJz0LYhoNi+2AMBUw=="
                }
            }
        },
        "dashdash": {
            "version": "1.14.1",
            "resolved": "https://registry.npmjs.org/dashdash/-/dashdash-1.14.1.tgz",
            "integrity": "sha1-hTz6D3y+L+1d4gMmuN1YEDX24vA="
        },
        "debug": {
            "version": "2.6.9",
            "resolved": "https://registry.npmjs.org/debug/-/debug-2.6.9.tgz",
            "integrity": "sha512-bC7ElrdJaJnPbAP+1EotYvqZsb3ecl5wi6Bfi6BJTUcNowp6cvspg0jXznRTKDjm/E7AdgFBVeAPVMNcKGsHMA=="
        },
        "delayed-stream": {
            "version": "1.0.0",
            "resolved": "https://registry.npmjs.org/delayed-stream/-/delayed-stream-1.0.0.tgz",
            "integrity": "sha1-3zrhmayt+31ECqrgsp4icrJOxhk="
        },
        "duplexify": {
            "version": "3.5.1",
            "resolved": "https://registry.npmjs.org/duplexify/-/duplexify-3.5.1.tgz",
            "integrity": "sha512-j5goxHTwVED1Fpe5hh3q9R93Kip0Bg2KVAt4f8CEYM3UEwYcPSvWbXaUQOzdX/HtiNomipv+gU7ASQPDbV7pGQ==",
            "dependencies": {
                "readable-stream": {
                    "version": "2.3.3",
                    "resolved": "https://registry.npmjs.org/readable-stream/-/readable-stream-2.3.3.tgz",
                    "integrity": "sha512-m+qzzcn7KUxEmd1gMbchF+Y2eIUbieUaxkWtptyHywrX0rE8QEYqPC07Vuy4Wm32/xE16NcdBctb8S0Xe/5IeQ=="
                }
            }
        },
        "ecc-jsbn": {
            "version": "0.1.1",
            "resolved": "https://registry.npmjs.org/ecc-jsbn/-/ecc-jsbn-0.1.1.tgz",
            "integrity": "sha1-D8c6ntXw1Tw4GTOYUj735UN3dQU=",
            "optional": true
        },
        "end-of-stream": {
            "version": "1.4.0",
            "resolved": "https://registry.npmjs.org/end-of-stream/-/end-of-stream-1.4.0.tgz",
            "integrity": "sha1-epDYM+/abPpurA9JSduw+tOmMgY="
        },
        "enebular-agent-dynamic-deps": {
            "version": "file:enebular-agent-dynamic-deps"
        },
        "extend": {
            "version": "3.0.1",
            "resolved": "https://registry.npmjs.org/extend/-/extend-3.0.1.tgz",
            "integrity": "sha1-p1Xqe8Gt/MWjHOfnYtuq3F5jZEQ="
        },
        "extsprintf": {
            "version": "1.3.0",
            "resolved": "https://registry.npmjs.org/extsprintf/-/extsprintf-1.3.0.tgz",
            "integrity": "sha1-lpGEQOMEGnpBT4xS48V06zw+HgU="
        },
        "fast-deep-equal": {
            "version": "1.0.0",
            "resolved": "https://registry.npmjs.org/fast-deep-equal/-/fast-deep-equal-1.0.0.tgz",
            "integrity": "sha1-liVqO8l1WV6zbYLpkp0GDYk0Of8="
        },
        "forever-agent": {
            "version": "0.6.1",
            "resolved": "https://registry.npmjs.org/forever-agent/-/forever-agent-0.6.1.tgz",
            "integrity": "sha1-+8cfDEGt6zf5bFd60e1C2P2sypE="
        },
        "form-data": {
            "version": "2.3.1",
            "resolved": "https://registry.npmjs.org/form-data/-/form-data-2.3.1.tgz",
            "integrity": "sha1-b7lPvXGIUwbXPRXMSX/kzE7NRL8="
        },
        "getpass": {
            "version": "0.1.7",
            "resolved": "https://registry.npmjs.org/getpass/-/getpass-0.1.7.tgz",
            "integrity": "sha1-Xv+OPmhNVprkyysSgmBOi6YhSfo="
        },
        "har-schema": {
            "version": "2.0.0",
            "resolved": "https://registry.npmjs.org/har-schema/-/har-schema-2.0.0.tgz",
            "integrity": "sha1-qUwiJOvKwEeCoNkDVSHyRzW37JI="
        },
        "har-validator": {
            "version": "5.0.3",
            "resolved": "https://registry.npmjs.org/har-validator/-/har-validator-5.0.3.tgz",
            "integrity": "sha1-ukAsJmGU8VlW7xXg/PJCmT9qff0="
        },
        "hawk": {
            "version": "6.0.2",
            "resolved": "https://registry.npmjs.org/hawk/-/hawk-6.0.2.tgz",
            "integrity": "sha512-miowhl2+U7Qle4vdLqDdPt9m09K6yZhkLDTWGoUiUzrQCn+mHHSmfJgAyGaLRZbPmTqfFFjRV1QWCW0VWUJBbQ=="
        },
        "help-me": {
            "version": "0.1.0",
            "resolved": "https://registry.npmjs.org/help-me/-/help-me-0.1.0.tgz",
            "integrity": "sha1-D7OkBTetUmW2tJQTAixg01tJU5o="
        },
        "hoek": {
            "version": "4.2.0",
            "resolved": "https://registry.npmjs.org/hoek/-/hoek-4.2.0.tgz",
            "integrity": "sha512-v0XCLxICi9nPfYrS9RL8HbYnXi9obYAeLbSP00BmnZwCK9+Ih9WOjoZ8YoHCoav2csqn4FOz4Orldsy2dmDwmQ=="
        },
        "http-signature": {
            "version": "1.2.0",
            "resolved": "https://registry.npmjs.org/http-signature/-/http-signature-1.2.0.tgz",
            "integrity": "sha1-muzZJRFHcvPZW2WmCruPfBj7rOE="
        },
        "https-proxy-agent": {
            "version": "1.0.0",
            "resolved": "https://registry.npmjs.org/https-proxy-agent/-/https-proxy-agent-1.0.0.tgz",
            "integrity": "sha1-NffabEjOTdv6JkiRrFk+5f+GceY="
        },
        "inherits": {
            "version": "2.0.3",
            "resolved": "https://registry.npmjs.org/inherits/-/inherits-2.0.3.tgz",
            "integrity": "sha1-Yzwsg+PaQqUC9SRmAiSA9CCCYd4="
        },
        "is-typedarray": {
            "version": "1.0.0",
            "resolved": "https://registry.npmjs.org/is-typedarray/-/is-typedarray-1.0.0.tgz",
            "integrity": "sha1-5HnICFjfDBsR3dppQPlgEfzaSpo="
        },
        "isarray": {
            "version": "1.0.0",
            "resolved": "https://registry.npmjs.org/isarray/-/isarray-1.0.0.tgz",
            "integrity": "sha1-u5NdSFgsuhaMBoNJV6VKPgcSTxE="
        },
        "isstream": {
            "version": "0.1.2",
            "resolved": "https://registry.npmjs.org/isstream/-/isstream-0.1.2.tgz",
            "integrity": "sha1-R+Y/evVa+m+S4VAOaQ64uFKcCZo="
        },
        "jsbn": {
            "version": "0.1.1",
            "resolved": "https://registry.npmjs.org/jsbn/-/jsbn-0.1.1.tgz",
            "integrity": "sha1-peZUwuWi3rXyAdls77yoDA7y9RM=",
            "optional": true
        },
        "json-schema": {
            "version": "0.2.3",
            "resolved": "https://registry.npmjs.org/json-schema/-/json-schema-0.2.3.tgz",
            "integrity": "sha1-tIDIkuWaLwWVTOcnvT8qTogvnhM="
        },
        "json-schema-traverse": {
            "version": "0.3.1",
            "resolved": "https://registry.npmjs.org/json-schema-traverse/-/json-schema-traverse-0.3.1.tgz",
            "integrity": "sha1-NJptRMU6Ud6JtAgFxdXlm0F9M0A="
        },
        "json-stable-stringify": {
            "version": "1.0.1",
            "resolved": "https://registry.npmjs.org/json-stable-stringify/-/json-stable-stringify-1.0.1.tgz",
            "integrity": "sha1-mnWdOcXy/1A/1TAGRu1EX4jE+a8="
        },
        "json-stringify-safe": {
            "version": "5.0.1",
            "resolved": "https://registry.npmjs.org/json-stringify-safe/-/json-stringify-safe-5.0.1.tgz",
            "integrity": "sha1-Epai1Y/UXxmg9s4B1lcB4sc1tus="
        },
        "jsonify": {
            "version": "0.0.0",
            "resolved": "https://registry.npmjs.org/jsonify/-/jsonify-0.0.0.tgz",
            "integrity": "sha1-LHS27kHZPKUbe1qu6PUDYx0lKnM="
        },
        "jsprim": {
            "version": "1.4.1",
            "resolved": "https://registry.npmjs.org/jsprim/-/jsprim-1.4.1.tgz",
            "integrity": "sha1-MT5mvB5cwG5Di8G3SZwuXFastqI="
        },
        "leven": {
            "version": "1.0.2",
            "resolved": "https://registry.npmjs.org/leven/-/leven-1.0.2.tgz",
            "integrity": "sha1-kUS27ryl8dBoAWnxpncNzqYLdcM="
        },
        "log": {
            "version": "1.4.0",
            "resolved": "https://registry.npmjs.org/log/-/log-1.4.0.tgz",
            "integrity": "sha1-S6HYkP3iSbAx3KA7w36q8yVlbxw="
        },
        "milkcocoa": {
            "version": "0.5.1",
            "resolved": "https://registry.npmjs.org/milkcocoa/-/milkcocoa-0.5.1.tgz",
            "integrity": "sha1-DbhBdn4x6X+367xT9tPKv/oNDRM="
        },
        "mime-db": {
            "version": "1.30.0",
            "resolved": "https://registry.npmjs.org/mime-db/-/mime-db-1.30.0.tgz",
            "integrity": "sha1-dMZD2i3Z1qRTmZY0ZbJtXKfXHwE="
        },
        "mime-types": {
            "version": "2.1.17",
            "resolved": "https://registry.npmjs.org/mime-types/-/mime-types-2.1.17.tgz",
            "integrity": "sha1-Cdejk/A+mVp5+K+Fe3Cp4KsWVXo="
        },
        "minimist": {
            "version": "1.2.0",
            "resolved": "https://registry.npmjs.org/minimist/-/minimist-1.2.0.tgz",
            "integrity": "sha1-o1AIsg9BOD7sH7kU9M1d95omQoQ="
        },
        "mqtt-connection": {
            "version": "2.1.1",
            "resolved": "https://registry.npmjs.org/mqtt-connection/-/mqtt-connection-2.1.1.tgz",
            "integrity": "sha1-ey6YWnThlmGUML69NdoWLDTE5Wo="
        },
        "mqtt-for-milkcocoa": {
            "version": "1.6.3",
            "resolved": "https://registry.npmjs.org/mqtt-for-milkcocoa/-/mqtt-for-milkcocoa-1.6.3.tgz",
            "integrity": "sha1-bK273BAHYYhZDLvbeUW64w7uw/I="
        },
        "mqtt-packet": {
            "version": "3.4.8",
            "resolved": "https://registry.npmjs.org/mqtt-packet/-/mqtt-packet-3.4.8.tgz",
            "integrity": "sha1-lld0qkWVLxY5L5rMqsXQv1EfoaU="
        },
        "mqtt-packet-for-milkcocoa": {
            "version": "3.2.0",
            "resolved": "https://registry.npmjs.org/mqtt-packet-for-milkcocoa/-/mqtt-packet-for-milkcocoa-3.2.0.tgz",
            "integrity": "sha1-rtdh0zi2onzy5yI+SQ0tpA29Iq8="
        },
        "ms": {
            "version": "2.0.0",
            "resolved": "https://registry.npmjs.org/ms/-/ms-2.0.0.tgz",
            "integrity": "sha1-VgiurfwAvmwpAd9fmGF4jeDVl8g="
        },
        "nan": {
            "version": "2.7.0",
            "resolved": "https://registry.npmjs.org/nan/-/nan-2.7.0.tgz",
            "integrity": "sha1-2Vv3IeyHfgjbJ27T/G63j5CDrUY=",
            "optional": true
        },
        "node-red-contrib-milkcocoa": {
            "version": "0.0.7",
            "resolved": "https://registry.npmjs.org/node-red-contrib-milkcocoa/-/node-red-contrib-milkcocoa-0.0.7.tgz",
            "integrity": "sha1-Lw4v2ax8yRKUvh6xIcD+F6GBy8g="
        },
        "node-red-contrib-slack": {
            "version": "0.1.2",
            "resolved": "https://registry.npmjs.org/node-red-contrib-slack/-/node-red-contrib-slack-0.1.2.tgz",
            "integrity": "sha1-VWKDUBPFjbUOhj4sUgYo5RHBDto="
        },
        "oauth-sign": {
            "version": "0.8.2",
            "resolved": "https://registry.npmjs.org/oauth-sign/-/oauth-sign-0.8.2.tgz",
            "integrity": "sha1-Rqarfwrq2N6unsBWV4C31O/rnUM="
        },
        "once": {
            "version": "1.4.0",
            "resolved": "https://registry.npmjs.org/once/-/once-1.4.0.tgz",
            "integrity": "sha1-WDsap3WWHUsROsF9nFC6753Xa9E="
        },
        "options": {
            "version": "0.0.6",
            "resolved": "https://registry.npmjs.org/options/-/options-0.0.6.tgz",
            "integrity": "sha1-7CLTEoBrtT5zF3Pnza788cZDEo8="
        },
        "performance-now": {
            "version": "2.1.0",
            "resolved": "https://registry.npmjs.org/performance-now/-/performance-now-2.1.0.tgz",
            "integrity": "sha1-Ywn04OX6kT7BxpMHrjZLSzd8nns="
        },
        "process-nextick-args": {
            "version": "1.0.7",
            "resolved": "https://registry.npmjs.org/process-nextick-args/-/process-nextick-args-1.0.7.tgz",
            "integrity": "sha1-FQ4gt1ZZCtP5EJPyWk8q2L/zC6M="
        },
        "pump": {
            "version": "1.0.2",
            "resolved": "https://registry.npmjs.org/pump/-/pump-1.0.2.tgz",
            "integrity": "sha1-Oz7mUS+U8OV1U4wXmV+fFpkKXVE="
        },
        "punycode": {
            "version": "1.4.1",
            "resolved": "https://registry.npmjs.org/punycode/-/punycode-1.4.1.tgz",
            "integrity": "sha1-wNWmOycYgArY4esPpSachN1BhF4="
        },
        "qs": {
            "version": "6.5.1",
            "resolved": "https://registry.npmjs.org/qs/-/qs-6.5.1.tgz",
            "integrity": "sha512-eRzhrN1WSINYCDCbrz796z37LOe3m5tmW7RQf6oBntukAG1nmovJvhnwHHRMAfeoItc1m2Hk02WER2aQ/iqs+A=="
        },
        "readable-stream": {
            "version": "1.0.34",
            "resolved": "https://registry.npmjs.org/readable-stream/-/readable-stream-1.0.34.tgz",
            "integrity": "sha1-Elgg40vIQtLyqq+v5MKRbuMsFXw=",
            "dependencies": {
                "isarray": {
                    "version": "0.0.1",
                    "resolved": "https://registry.npmjs.org/isarray/-/isarray-0.0.1.tgz",
                    "integrity": "sha1-ihis/Kmo9Bd+Cav8YDiTmwXR7t8="
                },
                "string_decoder": {
                    "version": "0.10.31",
                    "resolved": "https://registry.npmjs.org/string_decoder/-/string_decoder-0.10.31.tgz",
                    "integrity": "sha1-YuIDvEF2bGwoyfyEMB2rHFMQ+pQ="
                }
            }
        },
        "reduplexer": {
            "version": "1.1.0",
            "resolved": "https://registry.npmjs.org/reduplexer/-/reduplexer-1.1.0.tgz",
            "integrity": "sha1-ff7RimeedJwdetNt4BrLUV8I4UA="
        },
        "reinterval": {
            "version": "1.1.0",
            "resolved": "https://registry.npmjs.org/reinterval/-/reinterval-1.1.0.tgz",
            "integrity": "sha1-M2Hs+jymwYKDOA3Qu5VG85D17Oc="
        },
        "request": {
            "version": "2.83.0",
            "resolved": "https://registry.npmjs.org/request/-/request-2.83.0.tgz",
            "integrity": "sha512-lR3gD69osqm6EYLk9wB/G1W/laGWjzH90t1vEa2xuxHD5KUrSzp9pUSfTm+YC5Nxt2T8nMPEvKlhbQayU7bgFw=="
        },
        "safe-buffer": {
            "version": "5.1.1",
            "resolved": "https://registry.npmjs.org/safe-buffer/-/safe-buffer-5.1.1.tgz",
            "integrity": "sha512-kKvNJn6Mm93gAczWVJg7wH+wGYWNrDHdWvpUmHyEsgCtIwwo3bqPtV4tR5tuPaUhTOo/kvhVwd8XwwOllGYkbg=="
        },
        "semver": {
            "version": "5.0.3",
            "resolved": "https://registry.npmjs.org/semver/-/semver-5.0.3.tgz",
            "integrity": "sha1-d0Zt5YnNXTyV8TiqeLxWmjy10no="
        },
        "slack-client": {
            "version": "1.5.1",
            "resolved": "https://registry.npmjs.org/slack-client/-/slack-client-1.5.1.tgz",
            "integrity": "sha1-YLomDermO29Tv0MrutZ4rwVjadY="
        },
        "sntp": {
            "version": "2.0.2",
            "resolved": "https://registry.npmjs.org/sntp/-/sntp-2.0.2.tgz",
            "integrity": "sha1-UGQRDwr4X3z9t9a2ekACjOUrSys="
        },
        "sshpk": {
            "version": "1.13.1",
            "resolved": "https://registry.npmjs.org/sshpk/-/sshpk-1.13.1.tgz",
            "integrity": "sha1-US322mKHFEMW3EwY/hzx2UBzm+M="
        },
        "stream-shift": {
            "version": "1.0.0",
            "resolved": "https://registry.npmjs.org/stream-shift/-/stream-shift-1.0.0.tgz",
            "integrity": "sha1-1cdSgl5TZ+eG944Y5EXqIjoVWVI="
        },
        "string_decoder": {
            "version": "1.0.3",
            "resolved": "https://registry.npmjs.org/string_decoder/-/string_decoder-1.0.3.tgz",
            "integrity": "sha512-4AH6Z5fzNNBcH+6XDMfA/BTt87skxqJlO0lAh3Dker5zThcAxG6mKz+iGu308UKoPPQ8Dcqx/4JhujzltRa+hQ=="
        },
        "stringstream": {
            "version": "0.0.5",
            "resolved": "https://registry.npmjs.org/stringstream/-/stringstream-0.0.5.tgz",
            "integrity": "sha1-TkhM1N5aC7vuGORjB3EKioFiGHg="
        },
        "through2": {
            "version": "0.6.5",
            "resolved": "https://registry.npmjs.org/through2/-/through2-0.6.5.tgz",
            "integrity": "sha1-QaucZ7KdVyCQcUEOHXp6lozTrUg="
        },
        "tough-cookie": {
            "version": "2.3.3",
            "resolved": "https://registry.npmjs.org/tough-cookie/-/tough-cookie-2.3.3.tgz",
            "integrity": "sha1-C2GKVWW23qkL80JdBNVe3EdadWE="
        },
        "tunnel-agent": {
            "version": "0.6.0",
            "resolved": "https://registry.npmjs.org/tunnel-agent/-/tunnel-agent-0.6.0.tgz",
            "integrity": "sha1-J6XeoGs2sEoKmWZ3SykIaPD8QP0="
        },
        "tweetnacl": {
            "version": "0.14.5",
            "resolved": "https://registry.npmjs.org/tweetnacl/-/tweetnacl-0.14.5.tgz",
            "integrity": "sha1-WuaBd/GS1EViadEIr6k/+HQ/T2Q=",
            "optional": true
        },
        "typedarray": {
            "version": "0.0.6",
            "resolved": "https://registry.npmjs.org/typedarray/-/typedarray-0.0.6.tgz",
            "integrity": "sha1-hnrHTjhkGHsdPUfZlqeOxciDB3c="
        },
        "ultron": {
            "version": "1.0.2",
            "resolved": "https://registry.npmjs.org/ultron/-/ultron-1.0.2.tgz",
            "integrity": "sha1-rOEWq1V80Zc4ak6I9GhTeMiy5Po="
        },
        "utf-8-validate": {
            "version": "1.2.2",
            "resolved": "https://registry.npmjs.org/utf-8-validate/-/utf-8-validate-1.2.2.tgz",
            "integrity": "sha1-i7hxpHQeCFxwSHynrNvX1tNgKes=",
            "optional": true,
            "dependencies": {
                "nan": {
                    "version": "2.4.0",
                    "resolved": "https://registry.npmjs.org/nan/-/nan-2.4.0.tgz",
                    "integrity": "sha1-+zxZ1F/k7/4hXwuJD4rfbrMtIjI=",
                    "optional": true
                }
            }
        },
        "util-deprecate": {
            "version": "1.0.2",
            "resolved": "https://registry.npmjs.org/util-deprecate/-/util-deprecate-1.0.2.tgz",
            "integrity": "sha1-RQ1Nyfpw3nMnYvvS1KKJgUGaDM8="
        },
        "uuid": {
            "version": "3.1.0",
            "resolved": "https://registry.npmjs.org/uuid/-/uuid-3.1.0.tgz",
            "integrity": "sha512-DIWtzUkw04M4k3bf1IcpS2tngXEL26YUD2M0tMDUpnUrz2hgzUBlD55a4FjdLGPvfHxS6uluGWvaVEqgBcVa+g=="
        },
        "verror": {
            "version": "1.10.0",
            "resolved": "https://registry.npmjs.org/verror/-/verror-1.10.0.tgz",
            "integrity": "sha1-OhBcoXBTr1XW4nDB+CiGguGNpAA="
        },
        "websocket-stream": {
            "version": "2.3.0",
            "resolved": "https://registry.npmjs.org/websocket-stream/-/websocket-stream-2.3.0.tgz",
            "integrity": "sha1-GgVvLwGD2wJjLRuqV7PuR/REYQQ=",
            "dependencies": {
                "readable-stream": {
                    "version": "2.3.3",
                    "resolved": "https://registry.npmjs.org/readable-stream/-/readable-stream-2.3.3.tgz",
                    "integrity": "sha512-m+qzzcn7KUxEmd1gMbchF+Y2eIUbieUaxkWtptyHywrX0rE8QEYqPC07Vuy4Wm32/xE16NcdBctb8S0Xe/5IeQ=="
                },
                "through2": {
                    "version": "2.0.3",
                    "resolved": "https://registry.npmjs.org/through2/-/through2-2.0.3.tgz",
                    "integrity": "sha1-AARWmzfHx0ujnEPzzteNGtlBQL4="
                }
            }
        },
        "wrappy": {
            "version": "1.0.2",
            "resolved": "https://registry.npmjs.org/wrappy/-/wrappy-1.0.2.tgz",
            "integrity": "sha1-tSQ9jz7BqjXxNkYFvA0QNuMKtp8="
        },
        "ws": {
            "version": "0.8.1",
            "resolved": "https://registry.npmjs.org/ws/-/ws-0.8.1.tgz",
            "integrity": "sha1-a2UnO5kZPF8Gekz1gJWY93fjt1k="
        },
        "xtend": {
            "version": "4.0.1",
            "resolved": "https://registry.npmjs.org/xtend/-/xtend-4.0.1.tgz",
            "integrity": "sha1-pcbVMr5lbiPbgg77lDofBJmNY68="
        }
    }
}
