{
    "name": "node-red-project",
    "version": "0.0.1",
    "lockfileVersion": 1,
    "dependencies": {
        "badwords": {
            "version": "0.0.3",
            "resolved": "https://registry.npmjs.org/badwords/-/badwords-0.0.3.tgz",
            "integrity": "sha1-x8Y/1MwsQM5cSnTldH7GH+GPWk4="
        },
        "enebular-agent-dynamic-deps": {
            "version": "file:enebular-agent-dynamic-deps"
        },
        "node-red-node-badwords": {
            "version": "0.0.5",
            "resolved": "https://registry.npmjs.org/node-red-node-badwords/-/node-red-node-badwords-0.0.5.tgz",
            "integrity": "sha1-jB/fpk+JkMTuKZTcyCI5txUimoM="
        }
    }
}
